
Microsoft Visual Studio Solution File, Format Version 12.00
# Visual Studio 2012
Project("{FAE04EC0-301F-11D3-BF4B-00C04F79EFBC}") = "Faggruppe.MyBusiness", "Faggruppe.MyBusiness\Faggruppe.MyBusiness.csproj", "{7BBC38E4-062B-4ECC-91C6-B7EFE9E2CBDE}"
EndProject
Project("{FAE04EC0-301F-11D3-BF4B-00C04F79EFBC}") = "Faggruppe.MyBusiness.CodeStandardTests", "Faggruppe.MyBusiness.CodeStandardTests\Faggruppe.MyBusiness.CodeStandardTests.csproj", "{9D88E65B-B855-4B09-9F65-707DD7B3926B}"
EndProject
Global
	GlobalSection(SolutionConfigurationPlatforms) = preSolution
		Debug|Any CPU = Debug|Any CPU
		Release|Any CPU = Release|Any CPU
	EndGlobalSection
	GlobalSection(ProjectConfigurationPlatforms) = postSolution
		{7BBC38E4-062B-4ECC-91C6-B7EFE9E2CBDE}.Debug|Any CPU.ActiveCfg = Debug|Any CPU
		{7BBC38E4-062B-4ECC-91C6-B7EFE9E2CBDE}.Debug|Any CPU.Build.0 = Debug|Any CPU
		{7BBC38E4-062B-4ECC-91C6-B7EFE9E2CBDE}.Release|Any CPU.ActiveCfg = Release|Any CPU
		{7BBC38E4-062B-4ECC-91C6-B7EFE9E2CBDE}.Release|Any CPU.Build.0 = Release|Any CPU
		{9D88E65B-B855-4B09-9F65-707DD7B3926B}.Debug|Any CPU.ActiveCfg = Debug|Any CPU
		{9D88E65B-B855-4B09-9F65-707DD7B3926B}.Debug|Any CPU.Build.0 = Debug|Any CPU
		{9D88E65B-B855-4B09-9F65-707DD7B3926B}.Release|Any CPU.ActiveCfg = Release|Any CPU
		{9D88E65B-B855-4B09-9F65-707DD7B3926B}.Release|Any CPU.Build.0 = Release|Any CPU
	EndGlobalSection
	GlobalSection(SolutionProperties) = preSolution
		HideSolutionNode = FALSE
	EndGlobalSection
EndGlobal
